
Microsoft Visual Studio Solution File, Format Version 12.00
# Visual Studio Version 17
VisualStudioVersion = 17.0.31903.59
MinimumVisualStudioVersion = 10.0.40219.1
Project("{2150E333-8FDC-42A3-9474-1A3956D46DE8}") = "src", "src", "{E9D168E0-F8BA-4FAD-A74A-F4CB27ECC689}"
EndProject
Project("{F2A71F9B-5D33-465A-A702-920D77279786}") = "Library", "src\Library\Library.fsproj", "{7AEE6384-2041-41A2-801E-8B31346890FD}"
EndProject
Project("{F2A71F9B-5D33-465A-A702-920D77279786}") = "SpellingBeeSolver", "src\SpellingBeeSolver\SpellingBeeSolver.fsproj", "{A31AA903-D10A-4623-B0D1-3F6ECFD411BC}"
EndProject
Project("{F2A71F9B-5D33-465A-A702-920D77279786}") = "MakeWordLists", "src\MakeWordLists\MakeWordLists.fsproj", "{725953BB-1E96-4B74-AF71-4041CECB702E}"
EndProject
Global
	GlobalSection(SolutionConfigurationPlatforms) = preSolution
		Debug|Any CPU = Debug|Any CPU
		Release|Any CPU = Release|Any CPU
	EndGlobalSection
	GlobalSection(SolutionProperties) = preSolution
		HideSolutionNode = FALSE
	EndGlobalSection
	GlobalSection(ProjectConfigurationPlatforms) = postSolution
		{7AEE6384-2041-41A2-801E-8B31346890FD}.Debug|Any CPU.ActiveCfg = Debug|Any CPU
		{7AEE6384-2041-41A2-801E-8B31346890FD}.Debug|Any CPU.Build.0 = Debug|Any CPU
		{7AEE6384-2041-41A2-801E-8B31346890FD}.Release|Any CPU.ActiveCfg = Release|Any CPU
		{7AEE6384-2041-41A2-801E-8B31346890FD}.Release|Any CPU.Build.0 = Release|Any CPU
		{A31AA903-D10A-4623-B0D1-3F6ECFD411BC}.Debug|Any CPU.ActiveCfg = Debug|Any CPU
		{A31AA903-D10A-4623-B0D1-3F6ECFD411BC}.Debug|Any CPU.Build.0 = Debug|Any CPU
		{A31AA903-D10A-4623-B0D1-3F6ECFD411BC}.Release|Any CPU.ActiveCfg = Release|Any CPU
		{A31AA903-D10A-4623-B0D1-3F6ECFD411BC}.Release|Any CPU.Build.0 = Release|Any CPU
		{725953BB-1E96-4B74-AF71-4041CECB702E}.Debug|Any CPU.ActiveCfg = Debug|Any CPU
		{725953BB-1E96-4B74-AF71-4041CECB702E}.Debug|Any CPU.Build.0 = Debug|Any CPU
		{725953BB-1E96-4B74-AF71-4041CECB702E}.Release|Any CPU.ActiveCfg = Release|Any CPU
		{725953BB-1E96-4B74-AF71-4041CECB702E}.Release|Any CPU.Build.0 = Release|Any CPU
	EndGlobalSection
	GlobalSection(NestedProjects) = preSolution
		{7AEE6384-2041-41A2-801E-8B31346890FD} = {E9D168E0-F8BA-4FAD-A74A-F4CB27ECC689}
		{A31AA903-D10A-4623-B0D1-3F6ECFD411BC} = {E9D168E0-F8BA-4FAD-A74A-F4CB27ECC689}
		{725953BB-1E96-4B74-AF71-4041CECB702E} = {E9D168E0-F8BA-4FAD-A74A-F4CB27ECC689}
	EndGlobalSection
EndGlobal
